PODS:
  - MZFayeClient (1.0.3):
    - SocketRocket
  - Socket.IO-Client-Swift (15.2.0):
    - Starscream (~> 3.1)
  - SocketRocket (0.5.1)
  - Starscream (3.1.1)

DEPENDENCIES:
  - MZFayeClient
  - Socket.IO-Client-Swift

SPEC REPOS:
  trunk:
    - MZFayeClient
    - Socket.IO-Client-Swift
    - SocketRocket
    - Starscream

SPEC CHECKSUMS:
  MZFayeClient: ac3defb0026d26f025444eeb021117be9cab4642
  Socket.IO-Client-Swift: 1e3e3a1f09f3312a167f0d781eb2f383d477357c
  SocketRocket: d57c7159b83c3c6655745cd15302aa24b6bae531
  Starscream: 4bb2f9942274833f7b4d296a55504dcfc7edb7b0

PODFILE CHECKSUM: 8555c5a4d37468a8704672d0f5a4e60567f7e565

COCOAPODS: 1.9.3
