PODS:
  - MZFayeClient (1.0.3):
    - SocketRocket
  - razorpay-pod (1.0.22)
  - SocketRocket (0.5.1)

DEPENDENCIES:
  - MZFayeClient
  - razorpay-pod

SPEC REPOS:
  trunk:
    - MZFayeClient
    - razorpay-pod
    - SocketRocket

SPEC CHECKSUMS:
  MZFayeClient: ac3defb0026d26f025444eeb021117be9cab4642
  razorpay-pod: 7646a46bb4b2d2c6ded69555c4e1d6ae6aa717a8
  SocketRocket: d57c7159b83c3c6655745cd15302aa24b6bae531

PODFILE CHECKSUM: 358a49539725714b935ca65ef6bd85b764d4064d

COCOAPODS: 1.9.3
