// !$*UTF8*$!
{
	archiveVersion = 1;
	classes = {
	};
	objectVersion = 46;
	objects = {

/* Begin PBXBuildFile section */
		004C6AE61FF6064200CA6979 /* SenderNameTableCell.swift in Sources */ = {isa = PBXBuildFile; fileRef = 004C6AE41FF6064200CA6979 /* SenderNameTableCell.swift */; };
		004C6AE71FF6064200CA6979 /* SenderNameTableCell.xib in Resources */ = {isa = PBXBuildFile; fileRef = 004C6AE51FF6064200CA6979 /* SenderNameTableCell.xib */; };
		007ACBD720317C9C0062E5A2 /* FuguPay.swift in Sources */ = {isa = PBXBuildFile; fileRef = 007ACBD620317C9C0062E5A2 /* FuguPay.swift */; };
		0090E60A1FEB8E6F0053192F /* ButtonCellCollectionViewHandler.swift in Sources */ = {isa = PBXBuildFile; fileRef = 0090E5F51FEB8E6F0053192F /* ButtonCellCollectionViewHandler.swift */; };
		0090E60B1FEB8E6F0053192F /* ActionableMessageTableViewCell.xib in Resources */ = {isa = PBXBuildFile; fileRef = 0090E5F61FEB8E6F0053192F /* ActionableMessageTableViewCell.xib */; };
		0090E60C1FEB8E6F0053192F /* ButtonTableViewCell.xib in Resources */ = {isa = PBXBuildFile; fileRef = 0090E5F91FEB8E6F0053192F /* ButtonTableViewCell.xib */; };
		0090E60D1FEB8E6F0053192F /* ButtonTableViewCell.swift in Sources */ = {isa = PBXBuildFile; fileRef = 0090E5FA1FEB8E6F0053192F /* ButtonTableViewCell.swift */; };
		0090E60E1FEB8E6F0053192F /* ButtonCollectionCell.swift in Sources */ = {isa = PBXBuildFile; fileRef = 0090E5FC1FEB8E6F0053192F /* ButtonCollectionCell.swift */; };
		0090E60F1FEB8E6F0053192F /* ButtonCollectionCell.xib in Resources */ = {isa = PBXBuildFile; fileRef = 0090E5FD1FEB8E6F0053192F /* ButtonCollectionCell.xib */; };
		0090E6101FEB8E6F0053192F /* HeaderTableViewCell.xib in Resources */ = {isa = PBXBuildFile; fileRef = 0090E5FF1FEB8E6F0053192F /* HeaderTableViewCell.xib */; };
		0090E6111FEB8E6F0053192F /* HeaderTableViewCell.swift in Sources */ = {isa = PBXBuildFile; fileRef = 0090E6001FEB8E6F0053192F /* HeaderTableViewCell.swift */; };
		0090E6121FEB8E6F0053192F /* ItemTableViewCell.xib in Resources */ = {isa = PBXBuildFile; fileRef = 0090E6021FEB8E6F0053192F /* ItemTableViewCell.xib */; };
		0090E6131FEB8E6F0053192F /* ItemTableViewCell.swift in Sources */ = {isa = PBXBuildFile; fileRef = 0090E6031FEB8E6F0053192F /* ItemTableViewCell.swift */; };
		0090E6141FEB8E6F0053192F /* ImageTableViewCell.swift in Sources */ = {isa = PBXBuildFile; fileRef = 0090E6051FEB8E6F0053192F /* ImageTableViewCell.swift */; };
		0090E6151FEB8E6F0053192F /* ImageTableViewCell.xib in Resources */ = {isa = PBXBuildFile; fileRef = 0090E6061FEB8E6F0053192F /* ImageTableViewCell.xib */; };
		0090E6161FEB8E6F0053192F /* ActionableMessageCellHandler.swift in Sources */ = {isa = PBXBuildFile; fileRef = 0090E6081FEB8E6F0053192F /* ActionableMessageCellHandler.swift */; };
		0090E6171FEB8E6F0053192F /* ActionableMessageTableViewCell.swift in Sources */ = {isa = PBXBuildFile; fileRef = 0090E6091FEB8E6F0053192F /* ActionableMessageTableViewCell.swift */; };
		2A16013C1FD96B2B00F132E8 /* SelectImageViewController.swift in Sources */ = {isa = PBXBuildFile; fileRef = 2A4D65871FD96A37007FEBA3 /* SelectImageViewController.swift */; };
		2A16013D1FD96B3C00F132E8 /* ShowImageViewController.swift in Sources */ = {isa = PBXBuildFile; fileRef = 2A4D65881FD96A37007FEBA3 /* ShowImageViewController.swift */; };
		2A16013E1FD96B3C00F132E8 /* CheckIntializationViewController.swift in Sources */ = {isa = PBXBuildFile; fileRef = 2A4D65891FD96A37007FEBA3 /* CheckIntializationViewController.swift */; };
		2A16013F1FD96B3C00F132E8 /* AllConversationsViewController.swift in Sources */ = {isa = PBXBuildFile; fileRef = 2A4D658A1FD96A37007FEBA3 /* AllConversationsViewController.swift */; };
		2A1601401FD96B3C00F132E8 /* ConversationsViewController.swift in Sources */ = {isa = PBXBuildFile; fileRef = 2A4D658B1FD96A37007FEBA3 /* ConversationsViewController.swift */; };
		2A5E686B1FE0F6B500567CB1 /* FuguImageUploader.swift in Sources */ = {isa = PBXBuildFile; fileRef = 2A5E686A1FE0F6B500567CB1 /* FuguImageUploader.swift */; };
		2A5FDE7F1FE2488900520588 /* FuguChannelPersistancyManager.swift in Sources */ = {isa = PBXBuildFile; fileRef = 2A5FDE7E1FE2488900520588 /* FuguChannelPersistancyManager.swift */; };
		2A6A36261FCDA12600D69E25 /* OperatorOverloading.swift in Sources */ = {isa = PBXBuildFile; fileRef = 2A6A36251FCDA12600D69E25 /* OperatorOverloading.swift */; };
		2A7552B91FB47C39009313F2 /* Socomo+Date.swift in Sources */ = {isa = PBXBuildFile; fileRef = 2A7552B81FB47C39009313F2 /* Socomo+Date.swift */; };
		2A8D66DA1FC2A36600AA66D7 /* FuguChannel.swift in Sources */ = {isa = PBXBuildFile; fileRef = 2A8D66D91FC2A36600AA66D7 /* FuguChannel.swift */; };
		2A8F26BC1FAC787700B780A8 /* FuguNewChatAttributes.swift in Sources */ = {isa = PBXBuildFile; fileRef = 2A8F26BB1FAC787700B780A8 /* FuguNewChatAttributes.swift */; };
		2A8F26C11FAC78C700B780A8 /* PeerToPeerChat.swift in Sources */ = {isa = PBXBuildFile; fileRef = 2A8F26C01FAC78C700B780A8 /* PeerToPeerChat.swift */; };
		2A9AD7F81FB47B3E003AA49C /* FuguHelpers.swift in Sources */ = {isa = PBXBuildFile; fileRef = 2A9AD7F61FB47B3E003AA49C /* FuguHelpers.swift */; };
		2A9AD7F91FB47B3E003AA49C /* FuguNetworkHandler.swift in Sources */ = {isa = PBXBuildFile; fileRef = 2A9AD7F71FB47B3E003AA49C /* FuguNetworkHandler.swift */; };
		2A9AD7FB1FB47B72003AA49C /* FuguAppFlow.swift in Sources */ = {isa = PBXBuildFile; fileRef = 2A9AD7FA1FB47B72003AA49C /* FuguAppFlow.swift */; };
		2AA21A941FB07C7A008AFDA7 /* FuguMessage.swift in Sources */ = {isa = PBXBuildFile; fileRef = 2AA21A931FB07C7A008AFDA7 /* FuguMessage.swift */; };
		2AC9799F1FA9DE4800A49F0C /* UIView+Extension.swift in Sources */ = {isa = PBXBuildFile; fileRef = 2AC9799E1FA9DE4800A49F0C /* UIView+Extension.swift */; };
		2AC9E28A1FC433BF00A87958 /* FuguConversation.swift in Sources */ = {isa = PBXBuildFile; fileRef = 2AC9E2891FC433BF00A87958 /* FuguConversation.swift */; };
		4923B7AC1F47026C0075AC71 /* ProximaNova-Regular.otf in Resources */ = {isa = PBXBuildFile; fileRef = 4923B7AB1F4701C30075AC71 /* ProximaNova-Regular.otf */; };
		4923B7AD1F47026C0075AC71 /* MavenPro-Bold.ttf in Resources */ = {isa = PBXBuildFile; fileRef = 4923B7A81F4701B40075AC71 /* MavenPro-Bold.ttf */; };
		4923B7AE1F47026C0075AC71 /* MavenPro-Medium.ttf in Resources */ = {isa = PBXBuildFile; fileRef = 4923B7A91F4701B40075AC71 /* MavenPro-Medium.ttf */; };
		4923B7AF1F47026C0075AC71 /* Montserrat-Medium.otf in Resources */ = {isa = PBXBuildFile; fileRef = 4923B7AA1F4701B40075AC71 /* Montserrat-Medium.otf */; };
		4923B7B01F47026C0075AC71 /* Montserrat-SemiBold.otf in Resources */ = {isa = PBXBuildFile; fileRef = 4923B7A71F4701890075AC71 /* Montserrat-SemiBold.otf */; };
		5C28718D41F943BA76C1E733 /* Pods_Hippo.framework in Frameworks */ = {isa = PBXBuildFile; fileRef = 2FCFA1C1A8EEEBEB9A5B9793 /* Pods_Hippo.framework */; };
		6237CB1F2023120100290B70 /* TableViewContentCollectionViewCell.swift in Sources */ = {isa = PBXBuildFile; fileRef = 6237CB1E2023120100290B70 /* TableViewContentCollectionViewCell.swift */; };
		6237CB222023129C00290B70 /* TitleCollectionViewCell.swift in Sources */ = {isa = PBXBuildFile; fileRef = 6237CB212023129C00290B70 /* TitleCollectionViewCell.swift */; };
		6241B1A92028B833008945FF /* EmptyViewPlaceholderViewController.swift in Sources */ = {isa = PBXBuildFile; fileRef = 6241B1A82028B833008945FF /* EmptyViewPlaceholderViewController.swift */; };
		627FDDAE20259EF800685B35 /* PagerViewController.swift in Sources */ = {isa = PBXBuildFile; fileRef = 627FDDAD20259EF800685B35 /* PagerViewController.swift */; };
		627FDDB02025A01900685B35 /* ConversationListTableViewController.swift in Sources */ = {isa = PBXBuildFile; fileRef = 627FDDAF2025A01900685B35 /* ConversationListTableViewController.swift */; };
		717BE17E1EC1BE11003EA321 /* Assets.xcassets in Resources */ = {isa = PBXBuildFile; fileRef = 717BE17D1EC1BE11003EA321 /* Assets.xcassets */; };
		719AF7591EE171990095B991 /* FuguUnique.storyboard in Resources */ = {isa = PBXBuildFile; fileRef = 719AF7581EE171990095B991 /* FuguUnique.storyboard */; };
		84F518DC1FE4AD55001122C8 /* AnimatedImageView.swift in Sources */ = {isa = PBXBuildFile; fileRef = 84F518C31FE4AD54001122C8 /* AnimatedImageView.swift */; };
		84F518DD1FE4AD55001122C8 /* Box.swift in Sources */ = {isa = PBXBuildFile; fileRef = 84F518C41FE4AD54001122C8 /* Box.swift */; };
		84F518DE1FE4AD55001122C8 /* CacheSerializer.swift in Sources */ = {isa = PBXBuildFile; fileRef = 84F518C51FE4AD54001122C8 /* CacheSerializer.swift */; };
		84F518DF1FE4AD55001122C8 /* Filter.swift in Sources */ = {isa = PBXBuildFile; fileRef = 84F518C61FE4AD54001122C8 /* Filter.swift */; };
		84F518E01FE4AD55001122C8 /* FormatIndicatedCacheSerializer.swift in Sources */ = {isa = PBXBuildFile; fileRef = 84F518C71FE4AD54001122C8 /* FormatIndicatedCacheSerializer.swift */; };
		84F518E11FE4AD55001122C8 /* Image.swift in Sources */ = {isa = PBXBuildFile; fileRef = 84F518C81FE4AD54001122C8 /* Image.swift */; };
		84F518E21FE4AD55001122C8 /* ImageCache.swift in Sources */ = {isa = PBXBuildFile; fileRef = 84F518C91FE4AD54001122C8 /* ImageCache.swift */; };
		84F518E31FE4AD55001122C8 /* ImageDownloader.swift in Sources */ = {isa = PBXBuildFile; fileRef = 84F518CA1FE4AD54001122C8 /* ImageDownloader.swift */; };
		84F518E41FE4AD55001122C8 /* ImagePrefetcher.swift in Sources */ = {isa = PBXBuildFile; fileRef = 84F518CB1FE4AD54001122C8 /* ImagePrefetcher.swift */; };
		84F518E51FE4AD55001122C8 /* ImageProcessor.swift in Sources */ = {isa = PBXBuildFile; fileRef = 84F518CC1FE4AD54001122C8 /* ImageProcessor.swift */; };
		84F518E61FE4AD55001122C8 /* ImageTransition.swift in Sources */ = {isa = PBXBuildFile; fileRef = 84F518CD1FE4AD54001122C8 /* ImageTransition.swift */; };
		84F518E71FE4AD55001122C8 /* ImageView+Kingfisher.swift in Sources */ = {isa = PBXBuildFile; fileRef = 84F518CE1FE4AD54001122C8 /* ImageView+Kingfisher.swift */; };
		84F518E81FE4AD55001122C8 /* Indicator.swift in Sources */ = {isa = PBXBuildFile; fileRef = 84F518CF1FE4AD54001122C8 /* Indicator.swift */; };
		84F518E91FE4AD55001122C8 /* Info.plist in Resources */ = {isa = PBXBuildFile; fileRef = 84F518D01FE4AD54001122C8 /* Info.plist */; };
		84F518EA1FE4AD55001122C8 /* Kingfisher.swift in Sources */ = {isa = PBXBuildFile; fileRef = 84F518D21FE4AD54001122C8 /* Kingfisher.swift */; };
		84F518EB1FE4AD55001122C8 /* KingfisherManager.swift in Sources */ = {isa = PBXBuildFile; fileRef = 84F518D31FE4AD54001122C8 /* KingfisherManager.swift */; };
		84F518EC1FE4AD55001122C8 /* KingfisherOptionsInfo.swift in Sources */ = {isa = PBXBuildFile; fileRef = 84F518D41FE4AD54001122C8 /* KingfisherOptionsInfo.swift */; };
		84F518EE1FE4AD55001122C8 /* Placeholder.swift in Sources */ = {isa = PBXBuildFile; fileRef = 84F518D61FE4AD54001122C8 /* Placeholder.swift */; };
		84F518EF1FE4AD55001122C8 /* RequestModifier.swift in Sources */ = {isa = PBXBuildFile; fileRef = 84F518D71FE4AD54001122C8 /* RequestModifier.swift */; };
		84F518F01FE4AD55001122C8 /* Resource.swift in Sources */ = {isa = PBXBuildFile; fileRef = 84F518D81FE4AD54001122C8 /* Resource.swift */; };
		84F518F11FE4AD55001122C8 /* String+MD5.swift in Sources */ = {isa = PBXBuildFile; fileRef = 84F518D91FE4AD54001122C8 /* String+MD5.swift */; };
		84F518F21FE4AD55001122C8 /* ThreadHelper.swift in Sources */ = {isa = PBXBuildFile; fileRef = 84F518DA1FE4AD54001122C8 /* ThreadHelper.swift */; };
		84F518F31FE4AD55001122C8 /* UIButton+Kingfisher.swift in Sources */ = {isa = PBXBuildFile; fileRef = 84F518DB1FE4AD54001122C8 /* UIButton+Kingfisher.swift */; };
		C90B551820774EFC002F94DE /* HippoSupportList.swift in Sources */ = {isa = PBXBuildFile; fileRef = C90B551120774EFB002F94DE /* HippoSupportList.swift */; };
		C90B551920774EFC002F94DE /* HippoUserDetail.swift in Sources */ = {isa = PBXBuildFile; fileRef = C90B551220774EFB002F94DE /* HippoUserDetail.swift */; };
		C90B551A20774EFC002F94DE /* HippoTheme.swift in Sources */ = {isa = PBXBuildFile; fileRef = C90B551320774EFB002F94DE /* HippoTheme.swift */; };
		C90B551C20774EFC002F94DE /* HippoAttributes.swift in Sources */ = {isa = PBXBuildFile; fileRef = C90B551520774EFB002F94DE /* HippoAttributes.swift */; };
		C90B551D20774EFC002F94DE /* HippoActionableMessage.swift in Sources */ = {isa = PBXBuildFile; fileRef = C90B551620774EFB002F94DE /* HippoActionableMessage.swift */; };
		C90B551E20774EFC002F94DE /* HippoAddress.swift in Sources */ = {isa = PBXBuildFile; fileRef = C90B551720774EFC002F94DE /* HippoAddress.swift */; };
		C90B552020774F08002F94DE /* HippoConfig.swift in Sources */ = {isa = PBXBuildFile; fileRef = C90B551F20774F08002F94DE /* HippoConfig.swift */; };
		C90B552220774F48002F94DE /* HippoConnection.swift in Sources */ = {isa = PBXBuildFile; fileRef = C90B552120774F48002F94DE /* HippoConnection.swift */; };
		C916A78A208C76D80057E401 /* HippoTicketAtrributes.swift in Sources */ = {isa = PBXBuildFile; fileRef = C916A789208C76D80057E401 /* HippoTicketAtrributes.swift */; };
		C9C1C449207339D700D36542 /* TextViewTableViewCell.swift in Sources */ = {isa = PBXBuildFile; fileRef = C9C1C447207339D700D36542 /* TextViewTableViewCell.swift */; };
		C9C1C44A207339D700D36542 /* TextViewTableViewCell.xib in Resources */ = {isa = PBXBuildFile; fileRef = C9C1C448207339D700D36542 /* TextViewTableViewCell.xib */; };
		C9CD4629206CB46C00CA1802 /* NLevelViewController.swift in Sources */ = {isa = PBXBuildFile; fileRef = C9CD4628206CB46C00CA1802 /* NLevelViewController.swift */; };
		C9CD464E206CC9BF00CA1802 /* CategoryTableViewCell.swift in Sources */ = {isa = PBXBuildFile; fileRef = C9CD464C206CC9BF00CA1802 /* CategoryTableViewCell.swift */; };
		C9CD464F206CC9BF00CA1802 /* CategoryTableViewCell.xib in Resources */ = {isa = PBXBuildFile; fileRef = C9CD464D206CC9BF00CA1802 /* CategoryTableViewCell.xib */; };
		C9D9B4B72076B30900B99783 /* ListDescriptionViewController.swift in Sources */ = {isa = PBXBuildFile; fileRef = C9D9B4B62076B30900B99783 /* ListDescriptionViewController.swift */; };
		C9D9B4BB2076B41600B99783 /* FuguDescriptionContent.swift in Sources */ = {isa = PBXBuildFile; fileRef = C9D9B4BA2076B41600B99783 /* FuguDescriptionContent.swift */; };
		C9E1453B207765A1002D27AC /* ImageModifier.swift in Sources */ = {isa = PBXBuildFile; fileRef = C9E1453A207765A1002D27AC /* ImageModifier.swift */; };
		E62777261F78DC2000E6F859 /* ConversationView.swift in Sources */ = {isa = PBXBuildFile; fileRef = E62777251F78DC2000E6F859 /* ConversationView.swift */; };
		E62D3DBE1F7D347100629C95 /* FuguDefaults.swift in Sources */ = {isa = PBXBuildFile; fileRef = E62D3DBD1F7D347100629C95 /* FuguDefaults.swift */; };
		E62D3DC11F7E527100629C95 /* SelfMessageTableViewCell.swift in Sources */ = {isa = PBXBuildFile; fileRef = E62D3DC01F7E527100629C95 /* SelfMessageTableViewCell.swift */; };
		E62D3DC41F7E52C900629C95 /* SupportMessageTableViewCell.swift in Sources */ = {isa = PBXBuildFile; fileRef = E62D3DC31F7E52C900629C95 /* SupportMessageTableViewCell.swift */; };
		E62D3DC71F7E548300629C95 /* TypingViewTableViewCell.swift in Sources */ = {isa = PBXBuildFile; fileRef = E62D3DC61F7E548300629C95 /* TypingViewTableViewCell.swift */; };
		E64525C71F6275D500C00F8C /* OutgoingImageCell.swift in Sources */ = {isa = PBXBuildFile; fileRef = E64525C51F6273E600C00F8C /* OutgoingImageCell.swift */; };
		E64525C81F6275EB00C00F8C /* OutgoingImageCell.xib in Resources */ = {isa = PBXBuildFile; fileRef = E64525C61F6273E600C00F8C /* OutgoingImageCell.xib */; };
		E64525C91F6275F000C00F8C /* IncomingImageCell.swift in Sources */ = {isa = PBXBuildFile; fileRef = E64525C21F6273E600C00F8C /* IncomingImageCell.swift */; };
		E64525CA1F6275F600C00F8C /* IncomingImageCell.xib in Resources */ = {isa = PBXBuildFile; fileRef = E64525C31F6273E600C00F8C /* IncomingImageCell.xib */; };
		E64525CD1F627A5300C00F8C /* Socomo+Customs.swift in Sources */ = {isa = PBXBuildFile; fileRef = E64525CC1F627A5300C00F8C /* Socomo+Customs.swift */; };
		E64525CF1F627D4500C00F8C /* Socomo+String.swift in Sources */ = {isa = PBXBuildFile; fileRef = E64525CE1F627D4500C00F8C /* Socomo+String.swift */; };
		E64FB9FD1F90A89000C91984 /* Fugu+Enums.swift in Sources */ = {isa = PBXBuildFile; fileRef = E64FB9FC1F90A89000C91984 /* Fugu+Enums.swift */; };
		E64FB9FF1F90D2D100C91984 /* Fugu+Properties.swift in Sources */ = {isa = PBXBuildFile; fileRef = E64FB9FE1F90D2D100C91984 /* Fugu+Properties.swift */; };
		E6AC89B31F7281DA00094CF6 /* FrameObserverAccessaryView.swift in Sources */ = {isa = PBXBuildFile; fileRef = E6AC89AE1F726CFB00094CF6 /* FrameObserverAccessaryView.swift */; };
		E6AC89B51F7281E200094CF6 /* typingImage.gif in Resources */ = {isa = PBXBuildFile; fileRef = E6AC89B11F726CFB00094CF6 /* typingImage.gif */; };
		E6BE36511F6A9D7500AC3BD8 /* UIImage+Gif.swift in Sources */ = {isa = PBXBuildFile; fileRef = E6BE36501F6A9D7500AC3BD8 /* UIImage+Gif.swift */; };
		E6BE36531F6ABD2F00AC3BD8 /* HTTPClient.swift in Sources */ = {isa = PBXBuildFile; fileRef = E6BE36521F6ABD2F00AC3BD8 /* HTTPClient.swift */; };
		E6CDC35D1F4EA2FC00AF43D5 /* FayeConnection.swift in Sources */ = {isa = PBXBuildFile; fileRef = E6CDC35C1F4EA2FC00AF43D5 /* FayeConnection.swift */; };
/* End PBXBuildFile section */

/* Begin PBXFileReference section */
		004C6AE41FF6064200CA6979 /* SenderNameTableCell.swift */ = {isa = PBXFileReference; lastKnownFileType = sourcecode.swift; path = SenderNameTableCell.swift; sourceTree = "<group>"; };
		004C6AE51FF6064200CA6979 /* SenderNameTableCell.xib */ = {isa = PBXFileReference; lastKnownFileType = file.xib; path = SenderNameTableCell.xib; sourceTree = "<group>"; };
		007ACBD620317C9C0062E5A2 /* FuguPay.swift */ = {isa = PBXFileReference; lastKnownFileType = sourcecode.swift; path = FuguPay.swift; sourceTree = "<group>"; };
		0090E5F51FEB8E6F0053192F /* ButtonCellCollectionViewHandler.swift */ = {isa = PBXFileReference; fileEncoding = 4; lastKnownFileType = sourcecode.swift; path = ButtonCellCollectionViewHandler.swift; sourceTree = "<group>"; };
		0090E5F61FEB8E6F0053192F /* ActionableMessageTableViewCell.xib */ = {isa = PBXFileReference; fileEncoding = 4; lastKnownFileType = file.xib; path = ActionableMessageTableViewCell.xib; sourceTree = "<group>"; };
		0090E5F91FEB8E6F0053192F /* ButtonTableViewCell.xib */ = {isa = PBXFileReference; fileEncoding = 4; lastKnownFileType = file.xib; path = ButtonTableViewCell.xib; sourceTree = "<group>"; };
		0090E5FA1FEB8E6F0053192F /* ButtonTableViewCell.swift */ = {isa = PBXFileReference; fileEncoding = 4; lastKnownFileType = sourcecode.swift; path = ButtonTableViewCell.swift; sourceTree = "<group>"; };
		0090E5FC1FEB8E6F0053192F /* ButtonCollectionCell.swift */ = {isa = PBXFileReference; fileEncoding = 4; lastKnownFileType = sourcecode.swift; path = ButtonCollectionCell.swift; sourceTree = "<group>"; };
		0090E5FD1FEB8E6F0053192F /* ButtonCollectionCell.xib */ = {isa = PBXFileReference; fileEncoding = 4; lastKnownFileType = file.xib; path = ButtonCollectionCell.xib; sourceTree = "<group>"; };
		0090E5FF1FEB8E6F0053192F /* HeaderTableViewCell.xib */ = {isa = PBXFileReference; fileEncoding = 4; lastKnownFileType = file.xib; path = HeaderTableViewCell.xib; sourceTree = "<group>"; };
		0090E6001FEB8E6F0053192F /* HeaderTableViewCell.swift */ = {isa = PBXFileReference; fileEncoding = 4; lastKnownFileType = sourcecode.swift; path = HeaderTableViewCell.swift; sourceTree = "<group>"; };
		0090E6021FEB8E6F0053192F /* ItemTableViewCell.xib */ = {isa = PBXFileReference; fileEncoding = 4; lastKnownFileType = file.xib; path = ItemTableViewCell.xib; sourceTree = "<group>"; };
		0090E6031FEB8E6F0053192F /* ItemTableViewCell.swift */ = {isa = PBXFileReference; fileEncoding = 4; lastKnownFileType = sourcecode.swift; path = ItemTableViewCell.swift; sourceTree = "<group>"; };
		0090E6051FEB8E6F0053192F /* ImageTableViewCell.swift */ = {isa = PBXFileReference; fileEncoding = 4; lastKnownFileType = sourcecode.swift; path = ImageTableViewCell.swift; sourceTree = "<group>"; };
		0090E6061FEB8E6F0053192F /* ImageTableViewCell.xib */ = {isa = PBXFileReference; fileEncoding = 4; lastKnownFileType = file.xib; path = ImageTableViewCell.xib; sourceTree = "<group>"; };
		0090E6081FEB8E6F0053192F /* ActionableMessageCellHandler.swift */ = {isa = PBXFileReference; fileEncoding = 4; lastKnownFileType = sourcecode.swift; path = ActionableMessageCellHandler.swift; sourceTree = "<group>"; };
		0090E6091FEB8E6F0053192F /* ActionableMessageTableViewCell.swift */ = {isa = PBXFileReference; fileEncoding = 4; lastKnownFileType = sourcecode.swift; path = ActionableMessageTableViewCell.swift; sourceTree = "<group>"; };
		1BE88A92881DF7964127CE3A /* Pods-Fugu.debug.xcconfig */ = {isa = PBXFileReference; includeInIndex = 1; lastKnownFileType = text.xcconfig; name = "Pods-Fugu.debug.xcconfig"; path = "Pods/Target Support Files/Pods-Fugu/Pods-Fugu.debug.xcconfig"; sourceTree = "<group>"; };
		2A4D65871FD96A37007FEBA3 /* SelectImageViewController.swift */ = {isa = PBXFileReference; lastKnownFileType = sourcecode.swift; path = SelectImageViewController.swift; sourceTree = "<group>"; };
		2A4D65881FD96A37007FEBA3 /* ShowImageViewController.swift */ = {isa = PBXFileReference; lastKnownFileType = sourcecode.swift; path = ShowImageViewController.swift; sourceTree = "<group>"; };
		2A4D65891FD96A37007FEBA3 /* CheckIntializationViewController.swift */ = {isa = PBXFileReference; lastKnownFileType = sourcecode.swift; path = CheckIntializationViewController.swift; sourceTree = "<group>"; };
		2A4D658A1FD96A37007FEBA3 /* AllConversationsViewController.swift */ = {isa = PBXFileReference; lastKnownFileType = sourcecode.swift; path = AllConversationsViewController.swift; sourceTree = "<group>"; };
		2A4D658B1FD96A37007FEBA3 /* ConversationsViewController.swift */ = {isa = PBXFileReference; lastKnownFileType = sourcecode.swift; path = ConversationsViewController.swift; sourceTree = "<group>"; };
		2A5E686A1FE0F6B500567CB1 /* FuguImageUploader.swift */ = {isa = PBXFileReference; lastKnownFileType = sourcecode.swift; path = FuguImageUploader.swift; sourceTree = "<group>"; };
		2A5FDE7E1FE2488900520588 /* FuguChannelPersistancyManager.swift */ = {isa = PBXFileReference; lastKnownFileType = sourcecode.swift; path = FuguChannelPersistancyManager.swift; sourceTree = "<group>"; };
		2A6A36251FCDA12600D69E25 /* OperatorOverloading.swift */ = {isa = PBXFileReference; lastKnownFileType = sourcecode.swift; path = OperatorOverloading.swift; sourceTree = "<group>"; };
		2A7552B81FB47C39009313F2 /* Socomo+Date.swift */ = {isa = PBXFileReference; fileEncoding = 4; lastKnownFileType = sourcecode.swift; path = "Socomo+Date.swift"; sourceTree = "<group>"; };
		2A8D66D91FC2A36600AA66D7 /* FuguChannel.swift */ = {isa = PBXFileReference; lastKnownFileType = sourcecode.swift; path = FuguChannel.swift; sourceTree = "<group>"; };
		2A8F26BB1FAC787700B780A8 /* FuguNewChatAttributes.swift */ = {isa = PBXFileReference; fileEncoding = 4; lastKnownFileType = sourcecode.swift; path = FuguNewChatAttributes.swift; sourceTree = "<group>"; };
		2A8F26C01FAC78C700B780A8 /* PeerToPeerChat.swift */ = {isa = PBXFileReference; lastKnownFileType = sourcecode.swift; path = PeerToPeerChat.swift; sourceTree = "<group>"; };
		2A9AD7F61FB47B3E003AA49C /* FuguHelpers.swift */ = {isa = PBXFileReference; fileEncoding = 4; lastKnownFileType = sourcecode.swift; path = FuguHelpers.swift; sourceTree = "<group>"; };
		2A9AD7F71FB47B3E003AA49C /* FuguNetworkHandler.swift */ = {isa = PBXFileReference; fileEncoding = 4; lastKnownFileType = sourcecode.swift; path = FuguNetworkHandler.swift; sourceTree = "<group>"; };
		2A9AD7FA1FB47B72003AA49C /* FuguAppFlow.swift */ = {isa = PBXFileReference; fileEncoding = 4; lastKnownFileType = sourcecode.swift; path = FuguAppFlow.swift; sourceTree = "<group>"; };
		2AA21A931FB07C7A008AFDA7 /* FuguMessage.swift */ = {isa = PBXFileReference; lastKnownFileType = sourcecode.swift; path = FuguMessage.swift; sourceTree = "<group>"; };
		2AC9799E1FA9DE4800A49F0C /* UIView+Extension.swift */ = {isa = PBXFileReference; fileEncoding = 4; lastKnownFileType = sourcecode.swift; path = "UIView+Extension.swift"; sourceTree = "<group>"; };
		2AC9E2891FC433BF00A87958 /* FuguConversation.swift */ = {isa = PBXFileReference; lastKnownFileType = sourcecode.swift; path = FuguConversation.swift; sourceTree = "<group>"; };
		2FCFA1C1A8EEEBEB9A5B9793 /* Pods_Hippo.framework */ = {isa = PBXFileReference; explicitFileType = wrapper.framework; includeInIndex = 0; path = Pods_Hippo.framework; sourceTree = BUILT_PRODUCTS_DIR; };
		4923B7A71F4701890075AC71 /* Montserrat-SemiBold.otf */ = {isa = PBXFileReference; lastKnownFileType = file; path = "Montserrat-SemiBold.otf"; sourceTree = "<group>"; };
		4923B7A81F4701B40075AC71 /* MavenPro-Bold.ttf */ = {isa = PBXFileReference; lastKnownFileType = file; path = "MavenPro-Bold.ttf"; sourceTree = "<group>"; };
		4923B7A91F4701B40075AC71 /* MavenPro-Medium.ttf */ = {isa = PBXFileReference; lastKnownFileType = file; path = "MavenPro-Medium.ttf"; sourceTree = "<group>"; };
		4923B7AA1F4701B40075AC71 /* Montserrat-Medium.otf */ = {isa = PBXFileReference; lastKnownFileType = file; path = "Montserrat-Medium.otf"; sourceTree = "<group>"; };
		4923B7AB1F4701C30075AC71 /* ProximaNova-Regular.otf */ = {isa = PBXFileReference; lastKnownFileType = file; path = "ProximaNova-Regular.otf"; sourceTree = "<group>"; };
		5BD8BAD00694D81A3C58AB45 /* Pods-SDKDemo1.release.xcconfig */ = {isa = PBXFileReference; includeInIndex = 1; lastKnownFileType = text.xcconfig; name = "Pods-SDKDemo1.release.xcconfig"; path = "Pods/Target Support Files/Pods-SDKDemo1/Pods-SDKDemo1.release.xcconfig"; sourceTree = "<group>"; };
		6237CB1E2023120100290B70 /* TableViewContentCollectionViewCell.swift */ = {isa = PBXFileReference; lastKnownFileType = sourcecode.swift; path = TableViewContentCollectionViewCell.swift; sourceTree = "<group>"; };
		6237CB212023129C00290B70 /* TitleCollectionViewCell.swift */ = {isa = PBXFileReference; lastKnownFileType = sourcecode.swift; path = TitleCollectionViewCell.swift; sourceTree = "<group>"; };
		6241B1A82028B833008945FF /* EmptyViewPlaceholderViewController.swift */ = {isa = PBXFileReference; lastKnownFileType = sourcecode.swift; path = EmptyViewPlaceholderViewController.swift; sourceTree = "<group>"; };
		627FDDAD20259EF800685B35 /* PagerViewController.swift */ = {isa = PBXFileReference; lastKnownFileType = sourcecode.swift; path = PagerViewController.swift; sourceTree = "<group>"; };
		627FDDAF2025A01900685B35 /* ConversationListTableViewController.swift */ = {isa = PBXFileReference; lastKnownFileType = sourcecode.swift; path = ConversationListTableViewController.swift; sourceTree = "<group>"; };
		7012A5A44B87F497D213D271 /* Pods_SDKDemo1.framework */ = {isa = PBXFileReference; explicitFileType = wrapper.framework; includeInIndex = 0; path = Pods_SDKDemo1.framework; sourceTree = BUILT_PRODUCTS_DIR; };
		717BE1731EC1BE11003EA321 /* Hippo.app */ = {isa = PBXFileReference; explicitFileType = wrapper.application; includeInIndex = 0; path = Hippo.app; sourceTree = BUILT_PRODUCTS_DIR; };
		717BE17D1EC1BE11003EA321 /* Assets.xcassets */ = {isa = PBXFileReference; lastKnownFileType = folder.assetcatalog; path = Assets.xcassets; sourceTree = "<group>"; };
		717BE1821EC1BE11003EA321 /* Info.plist */ = {isa = PBXFileReference; lastKnownFileType = text.plist.xml; path = Info.plist; sourceTree = "<group>"; };
		719AF7581EE171990095B991 /* FuguUnique.storyboard */ = {isa = PBXFileReference; fileEncoding = 4; lastKnownFileType = file.storyboard; path = FuguUnique.storyboard; sourceTree = "<group>"; };
		7E320B967C546F65A457A995 /* Pods-Fugu.release.xcconfig */ = {isa = PBXFileReference; includeInIndex = 1; lastKnownFileType = text.xcconfig; name = "Pods-Fugu.release.xcconfig"; path = "Pods/Target Support Files/Pods-Fugu/Pods-Fugu.release.xcconfig"; sourceTree = "<group>"; };
		84F518C31FE4AD54001122C8 /* AnimatedImageView.swift */ = {isa = PBXFileReference; fileEncoding = 4; lastKnownFileType = sourcecode.swift; path = AnimatedImageView.swift; sourceTree = "<group>"; };
		84F518C41FE4AD54001122C8 /* Box.swift */ = {isa = PBXFileReference; fileEncoding = 4; lastKnownFileType = sourcecode.swift; path = Box.swift; sourceTree = "<group>"; };
		84F518C51FE4AD54001122C8 /* CacheSerializer.swift */ = {isa = PBXFileReference; fileEncoding = 4; lastKnownFileType = sourcecode.swift; path = CacheSerializer.swift; sourceTree = "<group>"; };
		84F518C61FE4AD54001122C8 /* Filter.swift */ = {isa = PBXFileReference; fileEncoding = 4; lastKnownFileType = sourcecode.swift; path = Filter.swift; sourceTree = "<group>"; };
		84F518C71FE4AD54001122C8 /* FormatIndicatedCacheSerializer.swift */ = {isa = PBXFileReference; fileEncoding = 4; lastKnownFileType = sourcecode.swift; path = FormatIndicatedCacheSerializer.swift; sourceTree = "<group>"; };
		84F518C81FE4AD54001122C8 /* Image.swift */ = {isa = PBXFileReference; fileEncoding = 4; lastKnownFileType = sourcecode.swift; path = Image.swift; sourceTree = "<group>"; };
		84F518C91FE4AD54001122C8 /* ImageCache.swift */ = {isa = PBXFileReference; fileEncoding = 4; lastKnownFileType = sourcecode.swift; path = ImageCache.swift; sourceTree = "<group>"; };
		84F518CA1FE4AD54001122C8 /* ImageDownloader.swift */ = {isa = PBXFileReference; fileEncoding = 4; lastKnownFileType = sourcecode.swift; path = ImageDownloader.swift; sourceTree = "<group>"; };
		84F518CB1FE4AD54001122C8 /* ImagePrefetcher.swift */ = {isa = PBXFileReference; fileEncoding = 4; lastKnownFileType = sourcecode.swift; path = ImagePrefetcher.swift; sourceTree = "<group>"; };
		84F518CC1FE4AD54001122C8 /* ImageProcessor.swift */ = {isa = PBXFileReference; fileEncoding = 4; lastKnownFileType = sourcecode.swift; path = ImageProcessor.swift; sourceTree = "<group>"; };
		84F518CD1FE4AD54001122C8 /* ImageTransition.swift */ = {isa = PBXFileReference; fileEncoding = 4; lastKnownFileType = sourcecode.swift; path = ImageTransition.swift; sourceTree = "<group>"; };
		84F518CE1FE4AD54001122C8 /* ImageView+Kingfisher.swift */ = {isa = PBXFileReference; fileEncoding = 4; lastKnownFileType = sourcecode.swift; path = "ImageView+Kingfisher.swift"; sourceTree = "<group>"; };
		84F518CF1FE4AD54001122C8 /* Indicator.swift */ = {isa = PBXFileReference; fileEncoding = 4; lastKnownFileType = sourcecode.swift; path = Indicator.swift; sourceTree = "<group>"; };
		84F518D01FE4AD54001122C8 /* Info.plist */ = {isa = PBXFileReference; fileEncoding = 4; lastKnownFileType = text.plist.xml; path = Info.plist; sourceTree = "<group>"; };
		84F518D11FE4AD54001122C8 /* Kingfisher.h */ = {isa = PBXFileReference; fileEncoding = 4; lastKnownFileType = sourcecode.c.h; path = Kingfisher.h; sourceTree = "<group>"; };
		84F518D21FE4AD54001122C8 /* Kingfisher.swift */ = {isa = PBXFileReference; fileEncoding = 4; lastKnownFileType = sourcecode.swift; path = Kingfisher.swift; sourceTree = "<group>"; };
		84F518D31FE4AD54001122C8 /* KingfisherManager.swift */ = {isa = PBXFileReference; fileEncoding = 4; lastKnownFileType = sourcecode.swift; path = KingfisherManager.swift; sourceTree = "<group>"; };
		84F518D41FE4AD54001122C8 /* KingfisherOptionsInfo.swift */ = {isa = PBXFileReference; fileEncoding = 4; lastKnownFileType = sourcecode.swift; path = KingfisherOptionsInfo.swift; sourceTree = "<group>"; };
		84F518D61FE4AD54001122C8 /* Placeholder.swift */ = {isa = PBXFileReference; fileEncoding = 4; lastKnownFileType = sourcecode.swift; path = Placeholder.swift; sourceTree = "<group>"; };
		84F518D71FE4AD54001122C8 /* RequestModifier.swift */ = {isa = PBXFileReference; fileEncoding = 4; lastKnownFileType = sourcecode.swift; path = RequestModifier.swift; sourceTree = "<group>"; };
		84F518D81FE4AD54001122C8 /* Resource.swift */ = {isa = PBXFileReference; fileEncoding = 4; lastKnownFileType = sourcecode.swift; path = Resource.swift; sourceTree = "<group>"; };
		84F518D91FE4AD54001122C8 /* String+MD5.swift */ = {isa = PBXFileReference; fileEncoding = 4; lastKnownFileType = sourcecode.swift; path = "String+MD5.swift"; sourceTree = "<group>"; };
		84F518DA1FE4AD54001122C8 /* ThreadHelper.swift */ = {isa = PBXFileReference; fileEncoding = 4; lastKnownFileType = sourcecode.swift; path = ThreadHelper.swift; sourceTree = "<group>"; };
		84F518DB1FE4AD54001122C8 /* UIButton+Kingfisher.swift */ = {isa = PBXFileReference; fileEncoding = 4; lastKnownFileType = sourcecode.swift; path = "UIButton+Kingfisher.swift"; sourceTree = "<group>"; };
		95FD53D4C199305615BA32FC /* Pods-Hippo.debug.xcconfig */ = {isa = PBXFileReference; includeInIndex = 1; lastKnownFileType = text.xcconfig; name = "Pods-Hippo.debug.xcconfig"; path = "Pods/Target Support Files/Pods-Hippo/Pods-Hippo.debug.xcconfig"; sourceTree = "<group>"; };
		BC2D71C51615B6579551BFF2 /* Pods-Hippo.release.xcconfig */ = {isa = PBXFileReference; includeInIndex = 1; lastKnownFileType = text.xcconfig; name = "Pods-Hippo.release.xcconfig"; path = "Pods/Target Support Files/Pods-Hippo/Pods-Hippo.release.xcconfig"; sourceTree = "<group>"; };
		C90B551120774EFB002F94DE /* HippoSupportList.swift */ = {isa = PBXFileReference; fileEncoding = 4; lastKnownFileType = sourcecode.swift; path = HippoSupportList.swift; sourceTree = "<group>"; };
		C90B551220774EFB002F94DE /* HippoUserDetail.swift */ = {isa = PBXFileReference; fileEncoding = 4; lastKnownFileType = sourcecode.swift; path = HippoUserDetail.swift; sourceTree = "<group>"; };
		C90B551320774EFB002F94DE /* HippoTheme.swift */ = {isa = PBXFileReference; fileEncoding = 4; lastKnownFileType = sourcecode.swift; path = HippoTheme.swift; sourceTree = "<group>"; };
		C90B551520774EFB002F94DE /* HippoAttributes.swift */ = {isa = PBXFileReference; fileEncoding = 4; lastKnownFileType = sourcecode.swift; path = HippoAttributes.swift; sourceTree = "<group>"; };
		C90B551620774EFB002F94DE /* HippoActionableMessage.swift */ = {isa = PBXFileReference; fileEncoding = 4; lastKnownFileType = sourcecode.swift; path = HippoActionableMessage.swift; sourceTree = "<group>"; };
		C90B551720774EFC002F94DE /* HippoAddress.swift */ = {isa = PBXFileReference; fileEncoding = 4; lastKnownFileType = sourcecode.swift; path = HippoAddress.swift; sourceTree = "<group>"; };
		C90B551F20774F08002F94DE /* HippoConfig.swift */ = {isa = PBXFileReference; fileEncoding = 4; lastKnownFileType = sourcecode.swift; path = HippoConfig.swift; sourceTree = "<group>"; };
		C90B552120774F48002F94DE /* HippoConnection.swift */ = {isa = PBXFileReference; fileEncoding = 4; lastKnownFileType = sourcecode.swift; path = HippoConnection.swift; sourceTree = "<group>"; };
		C916A789208C76D80057E401 /* HippoTicketAtrributes.swift */ = {isa = PBXFileReference; fileEncoding = 4; lastKnownFileType = sourcecode.swift; path = HippoTicketAtrributes.swift; sourceTree = "<group>"; };
		C9C1C447207339D700D36542 /* TextViewTableViewCell.swift */ = {isa = PBXFileReference; lastKnownFileType = sourcecode.swift; path = TextViewTableViewCell.swift; sourceTree = "<group>"; };
		C9C1C448207339D700D36542 /* TextViewTableViewCell.xib */ = {isa = PBXFileReference; lastKnownFileType = file.xib; path = TextViewTableViewCell.xib; sourceTree = "<group>"; };
		C9CD4628206CB46C00CA1802 /* NLevelViewController.swift */ = {isa = PBXFileReference; lastKnownFileType = sourcecode.swift; path = NLevelViewController.swift; sourceTree = "<group>"; };
		C9CD464C206CC9BF00CA1802 /* CategoryTableViewCell.swift */ = {isa = PBXFileReference; lastKnownFileType = sourcecode.swift; path = CategoryTableViewCell.swift; sourceTree = "<group>"; };
		C9CD464D206CC9BF00CA1802 /* CategoryTableViewCell.xib */ = {isa = PBXFileReference; lastKnownFileType = file.xib; path = CategoryTableViewCell.xib; sourceTree = "<group>"; };
		C9D9B4B62076B30900B99783 /* ListDescriptionViewController.swift */ = {isa = PBXFileReference; fileEncoding = 4; lastKnownFileType = sourcecode.swift; path = ListDescriptionViewController.swift; sourceTree = "<group>"; };
		C9D9B4BA2076B41600B99783 /* FuguDescriptionContent.swift */ = {isa = PBXFileReference; lastKnownFileType = sourcecode.swift; path = FuguDescriptionContent.swift; sourceTree = "<group>"; };
		C9E1453A207765A1002D27AC /* ImageModifier.swift */ = {isa = PBXFileReference; fileEncoding = 4; lastKnownFileType = sourcecode.swift; path = ImageModifier.swift; sourceTree = "<group>"; };
		E62777251F78DC2000E6F859 /* ConversationView.swift */ = {isa = PBXFileReference; lastKnownFileType = sourcecode.swift; path = ConversationView.swift; sourceTree = "<group>"; };
		E62D3DBD1F7D347100629C95 /* FuguDefaults.swift */ = {isa = PBXFileReference; lastKnownFileType = sourcecode.swift; path = FuguDefaults.swift; sourceTree = "<group>"; };
		E62D3DC01F7E527100629C95 /* SelfMessageTableViewCell.swift */ = {isa = PBXFileReference; lastKnownFileType = sourcecode.swift; path = SelfMessageTableViewCell.swift; sourceTree = "<group>"; };
		E62D3DC31F7E52C900629C95 /* SupportMessageTableViewCell.swift */ = {isa = PBXFileReference; lastKnownFileType = sourcecode.swift; path = SupportMessageTableViewCell.swift; sourceTree = "<group>"; };
		E62D3DC61F7E548300629C95 /* TypingViewTableViewCell.swift */ = {isa = PBXFileReference; lastKnownFileType = sourcecode.swift; path = TypingViewTableViewCell.swift; sourceTree = "<group>"; };
		E64525C21F6273E600C00F8C /* IncomingImageCell.swift */ = {isa = PBXFileReference; lastKnownFileType = sourcecode.swift; path = IncomingImageCell.swift; sourceTree = "<group>"; };
		E64525C31F6273E600C00F8C /* IncomingImageCell.xib */ = {isa = PBXFileReference; lastKnownFileType = file.xib; path = IncomingImageCell.xib; sourceTree = "<group>"; };
		E64525C51F6273E600C00F8C /* OutgoingImageCell.swift */ = {isa = PBXFileReference; lastKnownFileType = sourcecode.swift; path = OutgoingImageCell.swift; sourceTree = "<group>"; };
		E64525C61F6273E600C00F8C /* OutgoingImageCell.xib */ = {isa = PBXFileReference; lastKnownFileType = file.xib; path = OutgoingImageCell.xib; sourceTree = "<group>"; };
		E64525CC1F627A5300C00F8C /* Socomo+Customs.swift */ = {isa = PBXFileReference; lastKnownFileType = sourcecode.swift; path = "Socomo+Customs.swift"; sourceTree = "<group>"; };
		E64525CE1F627D4500C00F8C /* Socomo+String.swift */ = {isa = PBXFileReference; lastKnownFileType = sourcecode.swift; path = "Socomo+String.swift"; sourceTree = "<group>"; };
		E64FB9FC1F90A89000C91984 /* Fugu+Enums.swift */ = {isa = PBXFileReference; lastKnownFileType = sourcecode.swift; path = "Fugu+Enums.swift"; sourceTree = "<group>"; };
		E64FB9FE1F90D2D100C91984 /* Fugu+Properties.swift */ = {isa = PBXFileReference; lastKnownFileType = sourcecode.swift; path = "Fugu+Properties.swift"; sourceTree = "<group>"; };
		E6AC89AE1F726CFB00094CF6 /* FrameObserverAccessaryView.swift */ = {isa = PBXFileReference; lastKnownFileType = sourcecode.swift; path = FrameObserverAccessaryView.swift; sourceTree = "<group>"; };
		E6AC89B11F726CFB00094CF6 /* typingImage.gif */ = {isa = PBXFileReference; lastKnownFileType = image.gif; path = typingImage.gif; sourceTree = "<group>"; };
		E6BE36501F6A9D7500AC3BD8 /* UIImage+Gif.swift */ = {isa = PBXFileReference; lastKnownFileType = sourcecode.swift; path = "UIImage+Gif.swift"; sourceTree = "<group>"; };
		E6BE36521F6ABD2F00AC3BD8 /* HTTPClient.swift */ = {isa = PBXFileReference; lastKnownFileType = sourcecode.swift; path = HTTPClient.swift; sourceTree = "<group>"; };
		E6CDC35C1F4EA2FC00AF43D5 /* FayeConnection.swift */ = {isa = PBXFileReference; fileEncoding = 4; lastKnownFileType = sourcecode.swift; path = FayeConnection.swift; sourceTree = "<group>"; };
		FE7DBAAF8F84216F30D099BB /* Pods-SDKDemo1.debug.xcconfig */ = {isa = PBXFileReference; includeInIndex = 1; lastKnownFileType = text.xcconfig; name = "Pods-SDKDemo1.debug.xcconfig"; path = "Pods/Target Support Files/Pods-SDKDemo1/Pods-SDKDemo1.debug.xcconfig"; sourceTree = "<group>"; };
/* End PBXFileReference section */

/* Begin PBXFrameworksBuildPhase section */
		717BE1701EC1BE11003EA321 /* Frameworks */ = {
			isa = PBXFrameworksBuildPhase;
			buildActionMask = 2147483647;
			files = (
				5C28718D41F943BA76C1E733 /* Pods_Hippo.framework in Frameworks */,
			);
			runOnlyForDeploymentPostprocessing = 0;
		};
/* End PBXFrameworksBuildPhase section */

/* Begin PBXGroup section */
		004C6AE31FF6062000CA6979 /* SenderNameTableCell */ = {
			isa = PBXGroup;
			children = (
				004C6AE41FF6064200CA6979 /* SenderNameTableCell.swift */,
				004C6AE51FF6064200CA6979 /* SenderNameTableCell.xib */,
			);
			path = SenderNameTableCell;
			sourceTree = "<group>";
		};
		0090E5F31FEB8E6F0053192F /* ActionableMessageTableCell */ = {
			isa = PBXGroup;
			children = (
				0090E5F41FEB8E6F0053192F /* ButtonCellHandler */,
				0090E5F61FEB8E6F0053192F /* ActionableMessageTableViewCell.xib */,
				0090E5F71FEB8E6F0053192F /* ActionableMessageTypeCell */,
				0090E6071FEB8E6F0053192F /* ActionableMessageCellHandler */,
				0090E6091FEB8E6F0053192F /* ActionableMessageTableViewCell.swift */,
			);
			path = ActionableMessageTableCell;
			sourceTree = "<group>";
		};
		0090E5F41FEB8E6F0053192F /* ButtonCellHandler */ = {
			isa = PBXGroup;
			children = (
				0090E5F51FEB8E6F0053192F /* ButtonCellCollectionViewHandler.swift */,
			);
			path = ButtonCellHandler;
			sourceTree = "<group>";
		};
		0090E5F71FEB8E6F0053192F /* ActionableMessageTypeCell */ = {
			isa = PBXGroup;
			children = (
				004C6AE31FF6062000CA6979 /* SenderNameTableCell */,
				0090E5F81FEB8E6F0053192F /* ButtonTableViewCell */,
				0090E5FB1FEB8E6F0053192F /* ButtonCollectionViewCell */,
				0090E5FE1FEB8E6F0053192F /* HeaderTableViewCell */,
				0090E6011FEB8E6F0053192F /* ItemTableViewCell */,
				0090E6041FEB8E6F0053192F /* ImageTableViewCell */,
			);
			path = ActionableMessageTypeCell;
			sourceTree = "<group>";
		};
		0090E5F81FEB8E6F0053192F /* ButtonTableViewCell */ = {
			isa = PBXGroup;
			children = (
				0090E5F91FEB8E6F0053192F /* ButtonTableViewCell.xib */,
				0090E5FA1FEB8E6F0053192F /* ButtonTableViewCell.swift */,
			);
			path = ButtonTableViewCell;
			sourceTree = "<group>";
		};
		0090E5FB1FEB8E6F0053192F /* ButtonCollectionViewCell */ = {
			isa = PBXGroup;
			children = (
				0090E5FC1FEB8E6F0053192F /* ButtonCollectionCell.swift */,
				0090E5FD1FEB8E6F0053192F /* ButtonCollectionCell.xib */,
			);
			path = ButtonCollectionViewCell;
			sourceTree = "<group>";
		};
		0090E5FE1FEB8E6F0053192F /* HeaderTableViewCell */ = {
			isa = PBXGroup;
			children = (
				0090E5FF1FEB8E6F0053192F /* HeaderTableViewCell.xib */,
				0090E6001FEB8E6F0053192F /* HeaderTableViewCell.swift */,
			);
			path = HeaderTableViewCell;
			sourceTree = "<group>";
		};
		0090E6011FEB8E6F0053192F /* ItemTableViewCell */ = {
			isa = PBXGroup;
			children = (
				0090E6021FEB8E6F0053192F /* ItemTableViewCell.xib */,
				0090E6031FEB8E6F0053192F /* ItemTableViewCell.swift */,
			);
			path = ItemTableViewCell;
			sourceTree = "<group>";
		};
		0090E6041FEB8E6F0053192F /* ImageTableViewCell */ = {
			isa = PBXGroup;
			children = (
				0090E6051FEB8E6F0053192F /* ImageTableViewCell.swift */,
				0090E6061FEB8E6F0053192F /* ImageTableViewCell.xib */,
			);
			path = ImageTableViewCell;
			sourceTree = "<group>";
		};
		0090E6071FEB8E6F0053192F /* ActionableMessageCellHandler */ = {
			isa = PBXGroup;
			children = (
				0090E6081FEB8E6F0053192F /* ActionableMessageCellHandler.swift */,
			);
			path = ActionableMessageCellHandler;
			sourceTree = "<group>";
		};
		0DC6F74BF9725EE6841BA0D8 /* Frameworks */ = {
			isa = PBXGroup;
			children = (
				7012A5A44B87F497D213D271 /* Pods_SDKDemo1.framework */,
				2FCFA1C1A8EEEBEB9A5B9793 /* Pods_Hippo.framework */,
			);
			name = Frameworks;
			sourceTree = "<group>";
		};
		2147B1B6158113464954FE5C /* Pods */ = {
			isa = PBXGroup;
			children = (
				1BE88A92881DF7964127CE3A /* Pods-Fugu.debug.xcconfig */,
				7E320B967C546F65A457A995 /* Pods-Fugu.release.xcconfig */,
				FE7DBAAF8F84216F30D099BB /* Pods-SDKDemo1.debug.xcconfig */,
				5BD8BAD00694D81A3C58AB45 /* Pods-SDKDemo1.release.xcconfig */,
				95FD53D4C199305615BA32FC /* Pods-Hippo.debug.xcconfig */,
				BC2D71C51615B6579551BFF2 /* Pods-Hippo.release.xcconfig */,
			);
			name = Pods;
			sourceTree = "<group>";
		};
		2A4D65861FD96A37007FEBA3 /* Controllers */ = {
			isa = PBXGroup;
			children = (
				627FDDAC20259EBC00685B35 /* All Conversation Helper */,
				C9D9B4B62076B30900B99783 /* ListDescriptionViewController.swift */,
				2A4D65871FD96A37007FEBA3 /* SelectImageViewController.swift */,
				2A4D65881FD96A37007FEBA3 /* ShowImageViewController.swift */,
				2A4D65891FD96A37007FEBA3 /* CheckIntializationViewController.swift */,
				2A4D658A1FD96A37007FEBA3 /* AllConversationsViewController.swift */,
				2A4D658B1FD96A37007FEBA3 /* ConversationsViewController.swift */,
				6241B1A82028B833008945FF /* EmptyViewPlaceholderViewController.swift */,
				C9CD4628206CB46C00CA1802 /* NLevelViewController.swift */,
			);
			path = Controllers;
			sourceTree = "<group>";
		};
		2A8F26BD1FAC789500B780A8 /* HippoConfig */ = {
			isa = PBXGroup;
			children = (
				C90B551F20774F08002F94DE /* HippoConfig.swift */,
				2A8F26C01FAC78C700B780A8 /* PeerToPeerChat.swift */,
			);
			path = HippoConfig;
			sourceTree = "<group>";
		};
		4923B7A61F4700A70075AC71 /* Font */ = {
			isa = PBXGroup;
			children = (
				4923B7AB1F4701C30075AC71 /* ProximaNova-Regular.otf */,
				4923B7A81F4701B40075AC71 /* MavenPro-Bold.ttf */,
				4923B7A91F4701B40075AC71 /* MavenPro-Medium.ttf */,
				4923B7AA1F4701B40075AC71 /* Montserrat-Medium.otf */,
				4923B7A71F4701890075AC71 /* Montserrat-SemiBold.otf */,
			);
			name = Font;
			sourceTree = "<group>";
		};
		6237CB182022F62200290B70 /* Adapters */ = {
			isa = PBXGroup;
			children = (
			);
			path = Adapters;
			sourceTree = "<group>";
		};
		6237CB1D2022FB5F00290B70 /* CollectionViewCell */ = {
			isa = PBXGroup;
			children = (
				6237CB202023126A00290B70 /* All Conversation */,
			);
			path = CollectionViewCell;
			sourceTree = "<group>";
		};
		6237CB202023126A00290B70 /* All Conversation */ = {
			isa = PBXGroup;
			children = (
				6237CB1E2023120100290B70 /* TableViewContentCollectionViewCell.swift */,
				6237CB212023129C00290B70 /* TitleCollectionViewCell.swift */,
			);
			path = "All Conversation";
			sourceTree = "<group>";
		};
		627FDDAC20259EBC00685B35 /* All Conversation Helper */ = {
			isa = PBXGroup;
			children = (
				627FDDAD20259EF800685B35 /* PagerViewController.swift */,
				627FDDAF2025A01900685B35 /* ConversationListTableViewController.swift */,
			);
			path = "All Conversation Helper";
			sourceTree = "<group>";
		};
		717BE16A1EC1BE11003EA321 = {
			isa = PBXGroup;
			children = (
				717BE1751EC1BE11003EA321 /* Fugu */,
				717BE1741EC1BE11003EA321 /* Products */,
				2147B1B6158113464954FE5C /* Pods */,
				0DC6F74BF9725EE6841BA0D8 /* Frameworks */,
			);
			sourceTree = "<group>";
		};
		717BE1741EC1BE11003EA321 /* Products */ = {
			isa = PBXGroup;
			children = (
				717BE1731EC1BE11003EA321 /* Hippo.app */,
			);
			name = Products;
			sourceTree = "<group>";
		};
		717BE1751EC1BE11003EA321 /* Fugu */ = {
			isa = PBXGroup;
			children = (
				719AF7581EE171990095B991 /* FuguUnique.storyboard */,
				E6BE36451F6A89A700AC3BD8 /* Model */,
				E6CDC35B1F4EA2EB00AF43D5 /* Wrappers */,
				4923B7A61F4700A70075AC71 /* Font */,
				E64525CB1F627A0400C00F8C /* Extensions */,
				E64525BF1F6273C300C00F8C /* UIView */,
				E6AC89AD1F726CFB00094CF6 /* Helpers */,
				2A4D65861FD96A37007FEBA3 /* Controllers */,
				717BE17D1EC1BE11003EA321 /* Assets.xcassets */,
				717BE1821EC1BE11003EA321 /* Info.plist */,
			);
			path = Fugu;
			sourceTree = "<group>";
		};
		84F518C21FE4AD54001122C8 /* Kingfisher */ = {
			isa = PBXGroup;
			children = (
				C9E1453A207765A1002D27AC /* ImageModifier.swift */,
				84F518C31FE4AD54001122C8 /* AnimatedImageView.swift */,
				84F518C41FE4AD54001122C8 /* Box.swift */,
				84F518C51FE4AD54001122C8 /* CacheSerializer.swift */,
				84F518C61FE4AD54001122C8 /* Filter.swift */,
				84F518C71FE4AD54001122C8 /* FormatIndicatedCacheSerializer.swift */,
				84F518C81FE4AD54001122C8 /* Image.swift */,
				84F518C91FE4AD54001122C8 /* ImageCache.swift */,
				84F518CA1FE4AD54001122C8 /* ImageDownloader.swift */,
				84F518CB1FE4AD54001122C8 /* ImagePrefetcher.swift */,
				84F518CC1FE4AD54001122C8 /* ImageProcessor.swift */,
				84F518CD1FE4AD54001122C8 /* ImageTransition.swift */,
				84F518CE1FE4AD54001122C8 /* ImageView+Kingfisher.swift */,
				84F518CF1FE4AD54001122C8 /* Indicator.swift */,
				84F518D01FE4AD54001122C8 /* Info.plist */,
				84F518D11FE4AD54001122C8 /* Kingfisher.h */,
				84F518D21FE4AD54001122C8 /* Kingfisher.swift */,
				84F518D31FE4AD54001122C8 /* KingfisherManager.swift */,
				84F518D41FE4AD54001122C8 /* KingfisherOptionsInfo.swift */,
				84F518D61FE4AD54001122C8 /* Placeholder.swift */,
				84F518D71FE4AD54001122C8 /* RequestModifier.swift */,
				84F518D81FE4AD54001122C8 /* Resource.swift */,
				84F518D91FE4AD54001122C8 /* String+MD5.swift */,
				84F518DA1FE4AD54001122C8 /* ThreadHelper.swift */,
				84F518DB1FE4AD54001122C8 /* UIButton+Kingfisher.swift */,
			);
			path = Kingfisher;
			sourceTree = "<group>";
		};
		C9C1C4442073397A00D36542 /* TextViewCell */ = {
			isa = PBXGroup;
			children = (
				C9C1C447207339D700D36542 /* TextViewTableViewCell.swift */,
				C9C1C448207339D700D36542 /* TextViewTableViewCell.xib */,
			);
			path = TextViewCell;
			sourceTree = "<group>";
		};
		C9CD464B206CC98000CA1802 /* InAppCategoryCell */ = {
			isa = PBXGroup;
			children = (
				C9CD464C206CC9BF00CA1802 /* CategoryTableViewCell.swift */,
				C9CD464D206CC9BF00CA1802 /* CategoryTableViewCell.xib */,
			);
			path = InAppCategoryCell;
			sourceTree = "<group>";
		};
		E62777201F78DBCA00E6F859 /* ConversationView */ = {
			isa = PBXGroup;
			children = (
				E62777251F78DC2000E6F859 /* ConversationView.swift */,
			);
			path = ConversationView;
			sourceTree = "<group>";
		};
		E62D3DBF1F7E525D00629C95 /* SelfMessageTableViewCell */ = {
			isa = PBXGroup;
			children = (
				E62D3DC01F7E527100629C95 /* SelfMessageTableViewCell.swift */,
			);
			path = SelfMessageTableViewCell;
			sourceTree = "<group>";
		};
		E62D3DC21F7E52B200629C95 /* SupportMessageTableViewCell */ = {
			isa = PBXGroup;
			children = (
				E62D3DC31F7E52C900629C95 /* SupportMessageTableViewCell.swift */,
			);
			path = SupportMessageTableViewCell;
			sourceTree = "<group>";
		};
		E62D3DC51F7E546400629C95 /* TypingViewTableViewCell */ = {
			isa = PBXGroup;
			children = (
				E62D3DC61F7E548300629C95 /* TypingViewTableViewCell.swift */,
			);
			path = TypingViewTableViewCell;
			sourceTree = "<group>";
		};
		E64525BF1F6273C300C00F8C /* UIView */ = {
			isa = PBXGroup;
			children = (
				6237CB1D2022FB5F00290B70 /* CollectionViewCell */,
				6237CB182022F62200290B70 /* Adapters */,
				E64525C01F6273D800C00F8C /* TableViewCell */,
			);
			path = UIView;
			sourceTree = "<group>";
		};
		E64525C01F6273D800C00F8C /* TableViewCell */ = {
			isa = PBXGroup;
			children = (
				C9C1C4442073397A00D36542 /* TextViewCell */,
				C9CD464B206CC98000CA1802 /* InAppCategoryCell */,
				0090E5F31FEB8E6F0053192F /* ActionableMessageTableCell */,
				E62D3DC51F7E546400629C95 /* TypingViewTableViewCell */,
				E62D3DC21F7E52B200629C95 /* SupportMessageTableViewCell */,
				E62D3DBF1F7E525D00629C95 /* SelfMessageTableViewCell */,
				E62777201F78DBCA00E6F859 /* ConversationView */,
				E64525C11F6273E600C00F8C /* IncomingImageCell */,
				E64525C41F6273E600C00F8C /* OutgoingImageCell */,
			);
			path = TableViewCell;
			sourceTree = "<group>";
		};
		E64525C11F6273E600C00F8C /* IncomingImageCell */ = {
			isa = PBXGroup;
			children = (
				E64525C21F6273E600C00F8C /* IncomingImageCell.swift */,
				E64525C31F6273E600C00F8C /* IncomingImageCell.xib */,
			);
			path = IncomingImageCell;
			sourceTree = "<group>";
		};
		E64525C41F6273E600C00F8C /* OutgoingImageCell */ = {
			isa = PBXGroup;
			children = (
				E64525C51F6273E600C00F8C /* OutgoingImageCell.swift */,
				E64525C61F6273E600C00F8C /* OutgoingImageCell.xib */,
			);
			path = OutgoingImageCell;
			sourceTree = "<group>";
		};
		E64525CB1F627A0400C00F8C /* Extensions */ = {
			isa = PBXGroup;
			children = (
				2A7552B81FB47C39009313F2 /* Socomo+Date.swift */,
				2AC9799E1FA9DE4800A49F0C /* UIView+Extension.swift */,
				E64525CC1F627A5300C00F8C /* Socomo+Customs.swift */,
				E64525CE1F627D4500C00F8C /* Socomo+String.swift */,
				E6BE36501F6A9D7500AC3BD8 /* UIImage+Gif.swift */,
				2A6A36251FCDA12600D69E25 /* OperatorOverloading.swift */,
			);
			path = Extensions;
			sourceTree = "<group>";
		};
		E6AC89AD1F726CFB00094CF6 /* Helpers */ = {
			isa = PBXGroup;
			children = (
				C90B552120774F48002F94DE /* HippoConnection.swift */,
				84F518C21FE4AD54001122C8 /* Kingfisher */,
				2A9AD7F61FB47B3E003AA49C /* FuguHelpers.swift */,
				2A9AD7F71FB47B3E003AA49C /* FuguNetworkHandler.swift */,
				E6AC89AE1F726CFB00094CF6 /* FrameObserverAccessaryView.swift */,
				E6AC89B11F726CFB00094CF6 /* typingImage.gif */,
				E64FB9FC1F90A89000C91984 /* Fugu+Enums.swift */,
				E64FB9FE1F90D2D100C91984 /* Fugu+Properties.swift */,
			);
			path = Helpers;
			sourceTree = "<group>";
		};
		E6BE36451F6A89A700AC3BD8 /* Model */ = {
			isa = PBXGroup;
			children = (
				C916A789208C76D80057E401 /* HippoTicketAtrributes.swift */,
				C90B551620774EFB002F94DE /* HippoActionableMessage.swift */,
				C90B551720774EFC002F94DE /* HippoAddress.swift */,
				C90B551520774EFB002F94DE /* HippoAttributes.swift */,
				C90B551120774EFB002F94DE /* HippoSupportList.swift */,
				C90B551320774EFB002F94DE /* HippoTheme.swift */,
				C90B551220774EFB002F94DE /* HippoUserDetail.swift */,
				2A8F26BB1FAC787700B780A8 /* FuguNewChatAttributes.swift */,
				2AA21A931FB07C7A008AFDA7 /* FuguMessage.swift */,
				2A8D66D91FC2A36600AA66D7 /* FuguChannel.swift */,
				2AC9E2891FC433BF00A87958 /* FuguConversation.swift */,
				2A5E686A1FE0F6B500567CB1 /* FuguImageUploader.swift */,
				2A5FDE7E1FE2488900520588 /* FuguChannelPersistancyManager.swift */,
				007ACBD620317C9C0062E5A2 /* FuguPay.swift */,
				C9D9B4BA2076B41600B99783 /* FuguDescriptionContent.swift */,
			);
			path = Model;
			sourceTree = "<group>";
		};
		E6CDC35B1F4EA2EB00AF43D5 /* Wrappers */ = {
			isa = PBXGroup;
			children = (
				2A8F26BD1FAC789500B780A8 /* HippoConfig */,
				2A9AD7FA1FB47B72003AA49C /* FuguAppFlow.swift */,
				E6BE36521F6ABD2F00AC3BD8 /* HTTPClient.swift */,
				E6CDC35C1F4EA2FC00AF43D5 /* FayeConnection.swift */,
				E62D3DBD1F7D347100629C95 /* FuguDefaults.swift */,
			);
			path = Wrappers;
			sourceTree = "<group>";
		};
/* End PBXGroup section */

/* Begin PBXNativeTarget section */
		717BE1721EC1BE11003EA321 /* Hippo */ = {
			isa = PBXNativeTarget;
			buildConfigurationList = 717BE1851EC1BE11003EA321 /* Build configuration list for PBXNativeTarget "Hippo" */;
			buildPhases = (
				778DA9DBA8B35F32864A747E /* [CP] Check Pods Manifest.lock */,
				717BE16F1EC1BE11003EA321 /* Sources */,
				717BE1701EC1BE11003EA321 /* Frameworks */,
				717BE1711EC1BE11003EA321 /* Resources */,
				75B9B621D9B333A4B27D8547 /* [CP] Embed Pods Frameworks */,
				CA25F5FA1980959C2EA0E801 /* [CP] Copy Pods Resources */,
			);
			buildRules = (
			);
			dependencies = (
			);
			name = Hippo;
			productName = Fugu;
			productReference = 717BE1731EC1BE11003EA321 /* Hippo.app */;
			productType = "com.apple.product-type.application";
		};
/* End PBXNativeTarget section */

/* Begin PBXProject section */
		717BE16B1EC1BE11003EA321 /* Project object */ = {
			isa = PBXProject;
			attributes = {
				LastSwiftUpdateCheck = 0830;
				LastUpgradeCheck = 0900;
				ORGANIZATIONNAME = "CL-macmini-88";
				TargetAttributes = {
					717BE1721EC1BE11003EA321 = {
						CreatedOnToolsVersion = 8.3.2;
						DevelopmentTeam = 9BMB7KMY7Q;
						LastSwiftMigration = 0900;
						ProvisioningStyle = Automatic;
					};
				};
			};
			buildConfigurationList = 717BE16E1EC1BE11003EA321 /* Build configuration list for PBXProject "Hippo" */;
			compatibilityVersion = "Xcode 3.2";
			developmentRegion = English;
			hasScannedForEncodings = 0;
			knownRegions = (
				en,
				Base,
			);
			mainGroup = 717BE16A1EC1BE11003EA321;
			productRefGroup = 717BE1741EC1BE11003EA321 /* Products */;
			projectDirPath = "";
			projectRoot = "";
			targets = (
				717BE1721EC1BE11003EA321 /* Hippo */,
			);
		};
/* End PBXProject section */

/* Begin PBXResourcesBuildPhase section */
		717BE1711EC1BE11003EA321 /* Resources */ = {
			isa = PBXResourcesBuildPhase;
			buildActionMask = 2147483647;
			files = (
				004C6AE71FF6064200CA6979 /* SenderNameTableCell.xib in Resources */,
				C9C1C44A207339D700D36542 /* TextViewTableViewCell.xib in Resources */,
				E6AC89B51F7281E200094CF6 /* typingImage.gif in Resources */,
				4923B7AC1F47026C0075AC71 /* ProximaNova-Regular.otf in Resources */,
				4923B7AD1F47026C0075AC71 /* MavenPro-Bold.ttf in Resources */,
				0090E60C1FEB8E6F0053192F /* ButtonTableViewCell.xib in Resources */,
				0090E6121FEB8E6F0053192F /* ItemTableViewCell.xib in Resources */,
				0090E6101FEB8E6F0053192F /* HeaderTableViewCell.xib in Resources */,
				4923B7AE1F47026C0075AC71 /* MavenPro-Medium.ttf in Resources */,
				4923B7AF1F47026C0075AC71 /* Montserrat-Medium.otf in Resources */,
				4923B7B01F47026C0075AC71 /* Montserrat-SemiBold.otf in Resources */,
				0090E6151FEB8E6F0053192F /* ImageTableViewCell.xib in Resources */,
				0090E60F1FEB8E6F0053192F /* ButtonCollectionCell.xib in Resources */,
				E64525C81F6275EB00C00F8C /* OutgoingImageCell.xib in Resources */,
				E64525CA1F6275F600C00F8C /* IncomingImageCell.xib in Resources */,
				C9CD464F206CC9BF00CA1802 /* CategoryTableViewCell.xib in Resources */,
				84F518E91FE4AD55001122C8 /* Info.plist in Resources */,
				719AF7591EE171990095B991 /* FuguUnique.storyboard in Resources */,
				0090E60B1FEB8E6F0053192F /* ActionableMessageTableViewCell.xib in Resources */,
				717BE17E1EC1BE11003EA321 /* Assets.xcassets in Resources */,
			);
			runOnlyForDeploymentPostprocessing = 0;
		};
/* End PBXResourcesBuildPhase section */

/* Begin PBXShellScriptBuildPhase section */
		75B9B621D9B333A4B27D8547 /* [CP] Embed Pods Frameworks */ = {
			isa = PBXShellScriptBuildPhase;
			buildActionMask = 2147483647;
			files = (
			);
			inputPaths = (
				"${SRCROOT}/Pods/Target Support Files/Pods-Hippo/Pods-Hippo-frameworks.sh",
				"${BUILT_PRODUCTS_DIR}/MZFayeClient/MZFayeClient.framework",
				"${BUILT_PRODUCTS_DIR}/SocketRocket/SocketRocket.framework",
				"${BUILT_PRODUCTS_DIR}/XLPagerTabStrip/XLPagerTabStrip.framework",
			);
			name = "[CP] Embed Pods Frameworks";
			outputPaths = (
				"${TARGET_BUILD_DIR}/${FRAMEWORKS_FOLDER_PATH}/MZFayeClient.framework",
				"${TARGET_BUILD_DIR}/${FRAMEWORKS_FOLDER_PATH}/SocketRocket.framework",
				"${TARGET_BUILD_DIR}/${FRAMEWORKS_FOLDER_PATH}/XLPagerTabStrip.framework",
			);
			runOnlyForDeploymentPostprocessing = 0;
			shellPath = /bin/sh;
			shellScript = "\"${SRCROOT}/Pods/Target Support Files/Pods-Hippo/Pods-Hippo-frameworks.sh\"\n";
			showEnvVarsInLog = 0;
		};
		778DA9DBA8B35F32864A747E /* [CP] Check Pods Manifest.lock */ = {
			isa = PBXShellScriptBuildPhase;
			buildActionMask = 2147483647;
			files = (
			);
			inputPaths = (
				"${PODS_PODFILE_DIR_PATH}/Podfile.lock",
				"${PODS_ROOT}/Manifest.lock",
			);
			name = "[CP] Check Pods Manifest.lock";
			outputPaths = (
				"$(DERIVED_FILE_DIR)/Pods-Hippo-checkManifestLockResult.txt",
			);
			runOnlyForDeploymentPostprocessing = 0;
			shellPath = /bin/sh;
			shellScript = "diff \"${PODS_PODFILE_DIR_PATH}/Podfile.lock\" \"${PODS_ROOT}/Manifest.lock\" > /dev/null\nif [ $? != 0 ] ; then\n    # print error to STDERR\n    echo \"error: The sandbox is not in sync with the Podfile.lock. Run 'pod install' or update your CocoaPods installation.\" >&2\n    exit 1\nfi\n# This output is used by Xcode 'outputs' to avoid re-running this script phase.\necho \"SUCCESS\" > \"${SCRIPT_OUTPUT_FILE_0}\"\n";
			showEnvVarsInLog = 0;
		};
		CA25F5FA1980959C2EA0E801 /* [CP] Copy Pods Resources */ = {
			isa = PBXShellScriptBuildPhase;
			buildActionMask = 2147483647;
			files = (
			);
			inputPaths = (
			);
			name = "[CP] Copy Pods Resources";
			outputPaths = (
			);
			runOnlyForDeploymentPostprocessing = 0;
			shellPath = /bin/sh;
			shellScript = "\"${SRCROOT}/Pods/Target Support Files/Pods-Hippo/Pods-Hippo-resources.sh\"\n";
			showEnvVarsInLog = 0;
		};
/* End PBXShellScriptBuildPhase section */

/* Begin PBXSourcesBuildPhase section */
		717BE16F1EC1BE11003EA321 /* Sources */ = {
			isa = PBXSourcesBuildPhase;
			buildActionMask = 2147483647;
			files = (
				2A8F26C11FAC78C700B780A8 /* PeerToPeerChat.swift in Sources */,
				0090E60A1FEB8E6F0053192F /* ButtonCellCollectionViewHandler.swift in Sources */,
				0090E60D1FEB8E6F0053192F /* ButtonTableViewCell.swift in Sources */,
				004C6AE61FF6064200CA6979 /* SenderNameTableCell.swift in Sources */,
				84F518E51FE4AD55001122C8 /* ImageProcessor.swift in Sources */,
				84F518EA1FE4AD55001122C8 /* Kingfisher.swift in Sources */,
				6237CB1F2023120100290B70 /* TableViewContentCollectionViewCell.swift in Sources */,
				0090E6141FEB8E6F0053192F /* ImageTableViewCell.swift in Sources */,
				007ACBD720317C9C0062E5A2 /* FuguPay.swift in Sources */,
				84F518EF1FE4AD55001122C8 /* RequestModifier.swift in Sources */,
				E64525CF1F627D4500C00F8C /* Socomo+String.swift in Sources */,
				2AC9799F1FA9DE4800A49F0C /* UIView+Extension.swift in Sources */,
				0090E6161FEB8E6F0053192F /* ActionableMessageCellHandler.swift in Sources */,
				C90B551820774EFC002F94DE /* HippoSupportList.swift in Sources */,
				2A16013C1FD96B2B00F132E8 /* SelectImageViewController.swift in Sources */,
				C9CD464E206CC9BF00CA1802 /* CategoryTableViewCell.swift in Sources */,
				C916A78A208C76D80057E401 /* HippoTicketAtrributes.swift in Sources */,
				2A16013F1FD96B3C00F132E8 /* AllConversationsViewController.swift in Sources */,
				2A6A36261FCDA12600D69E25 /* OperatorOverloading.swift in Sources */,
				E6AC89B31F7281DA00094CF6 /* FrameObserverAccessaryView.swift in Sources */,
				6237CB222023129C00290B70 /* TitleCollectionViewCell.swift in Sources */,
				E62777261F78DC2000E6F859 /* ConversationView.swift in Sources */,
				E64525CD1F627A5300C00F8C /* Socomo+Customs.swift in Sources */,
				C9D9B4B72076B30900B99783 /* ListDescriptionViewController.swift in Sources */,
				84F518F31FE4AD55001122C8 /* UIButton+Kingfisher.swift in Sources */,
				84F518E81FE4AD55001122C8 /* Indicator.swift in Sources */,
				84F518DF1FE4AD55001122C8 /* Filter.swift in Sources */,
				6241B1A92028B833008945FF /* EmptyViewPlaceholderViewController.swift in Sources */,
				E64FB9FF1F90D2D100C91984 /* Fugu+Properties.swift in Sources */,
				84F518E61FE4AD55001122C8 /* ImageTransition.swift in Sources */,
				E62D3DC71F7E548300629C95 /* TypingViewTableViewCell.swift in Sources */,
				C9C1C449207339D700D36542 /* TextViewTableViewCell.swift in Sources */,
				0090E6171FEB8E6F0053192F /* ActionableMessageTableViewCell.swift in Sources */,
				C90B551920774EFC002F94DE /* HippoUserDetail.swift in Sources */,
				84F518DD1FE4AD55001122C8 /* Box.swift in Sources */,
				84F518E21FE4AD55001122C8 /* ImageCache.swift in Sources */,
				E62D3DC11F7E527100629C95 /* SelfMessageTableViewCell.swift in Sources */,
				84F518F11FE4AD55001122C8 /* String+MD5.swift in Sources */,
				2AA21A941FB07C7A008AFDA7 /* FuguMessage.swift in Sources */,
				627FDDAE20259EF800685B35 /* PagerViewController.swift in Sources */,
				E64525C71F6275D500C00F8C /* OutgoingImageCell.swift in Sources */,
				2A7552B91FB47C39009313F2 /* Socomo+Date.swift in Sources */,
				C9D9B4BB2076B41600B99783 /* FuguDescriptionContent.swift in Sources */,
				0090E6131FEB8E6F0053192F /* ItemTableViewCell.swift in Sources */,
				E6CDC35D1F4EA2FC00AF43D5 /* FayeConnection.swift in Sources */,
				2A16013D1FD96B3C00F132E8 /* ShowImageViewController.swift in Sources */,
				84F518DC1FE4AD55001122C8 /* AnimatedImageView.swift in Sources */,
				2A9AD7F91FB47B3E003AA49C /* FuguNetworkHandler.swift in Sources */,
				84F518E11FE4AD55001122C8 /* Image.swift in Sources */,
				2A9AD7F81FB47B3E003AA49C /* FuguHelpers.swift in Sources */,
				84F518F01FE4AD55001122C8 /* Resource.swift in Sources */,
				0090E60E1FEB8E6F0053192F /* ButtonCollectionCell.swift in Sources */,
				2A8D66DA1FC2A36600AA66D7 /* FuguChannel.swift in Sources */,
				E64525C91F6275F000C00F8C /* IncomingImageCell.swift in Sources */,
				84F518F21FE4AD55001122C8 /* ThreadHelper.swift in Sources */,
				E6BE36511F6A9D7500AC3BD8 /* UIImage+Gif.swift in Sources */,
				2A16013E1FD96B3C00F132E8 /* CheckIntializationViewController.swift in Sources */,
				C9CD4629206CB46C00CA1802 /* NLevelViewController.swift in Sources */,
				2A1601401FD96B3C00F132E8 /* ConversationsViewController.swift in Sources */,
				84F518E01FE4AD55001122C8 /* FormatIndicatedCacheSerializer.swift in Sources */,
				84F518EB1FE4AD55001122C8 /* KingfisherManager.swift in Sources */,
				84F518E71FE4AD55001122C8 /* ImageView+Kingfisher.swift in Sources */,
				84F518E31FE4AD55001122C8 /* ImageDownloader.swift in Sources */,
				E62D3DC41F7E52C900629C95 /* SupportMessageTableViewCell.swift in Sources */,
				C9E1453B207765A1002D27AC /* ImageModifier.swift in Sources */,
				E6BE36531F6ABD2F00AC3BD8 /* HTTPClient.swift in Sources */,
				2A5E686B1FE0F6B500567CB1 /* FuguImageUploader.swift in Sources */,
				627FDDB02025A01900685B35 /* ConversationListTableViewController.swift in Sources */,
				84F518E41FE4AD55001122C8 /* ImagePrefetcher.swift in Sources */,
				84F518EE1FE4AD55001122C8 /* Placeholder.swift in Sources */,
				0090E6111FEB8E6F0053192F /* HeaderTableViewCell.swift in Sources */,
				84F518EC1FE4AD55001122C8 /* KingfisherOptionsInfo.swift in Sources */,
				C90B552220774F48002F94DE /* HippoConnection.swift in Sources */,
				C90B551D20774EFC002F94DE /* HippoActionableMessage.swift in Sources */,
				2A8F26BC1FAC787700B780A8 /* FuguNewChatAttributes.swift in Sources */,
				E62D3DBE1F7D347100629C95 /* FuguDefaults.swift in Sources */,
				84F518DE1FE4AD55001122C8 /* CacheSerializer.swift in Sources */,
				E64FB9FD1F90A89000C91984 /* Fugu+Enums.swift in Sources */,
				2A9AD7FB1FB47B72003AA49C /* FuguAppFlow.swift in Sources */,
				C90B551C20774EFC002F94DE /* HippoAttributes.swift in Sources */,
				2A5FDE7F1FE2488900520588 /* FuguChannelPersistancyManager.swift in Sources */,
				C90B552020774F08002F94DE /* HippoConfig.swift in Sources */,
				C90B551E20774EFC002F94DE /* HippoAddress.swift in Sources */,
				2AC9E28A1FC433BF00A87958 /* FuguConversation.swift in Sources */,
				C90B551A20774EFC002F94DE /* HippoTheme.swift in Sources */,
			);
			runOnlyForDeploymentPostprocessing = 0;
		};
/* End PBXSourcesBuildPhase section */

/* Begin XCBuildConfiguration section */
		717BE1831EC1BE11003EA321 /* Debug */ = {
			isa = XCBuildConfiguration;
			buildSettings = {
				ALWAYS_SEARCH_USER_PATHS = NO;
				CLANG_ANALYZER_NONNULL = YES;
				CLANG_ANALYZER_NUMBER_OBJECT_CONVERSION = YES_AGGRESSIVE;
				CLANG_CXX_LANGUAGE_STANDARD = "gnu++0x";
				CLANG_CXX_LIBRARY = "libc++";
				CLANG_ENABLE_MODULES = YES;
				CLANG_ENABLE_OBJC_ARC = YES;
				CLANG_WARN_BLOCK_CAPTURE_AUTORELEASING = YES;
				CLANG_WARN_BOOL_CONVERSION = YES;
				CLANG_WARN_COMMA = YES;
				CLANG_WARN_CONSTANT_CONVERSION = YES;
				CLANG_WARN_DIRECT_OBJC_ISA_USAGE = YES_ERROR;
				CLANG_WARN_DOCUMENTATION_COMMENTS = YES;
				CLANG_WARN_EMPTY_BODY = YES;
				CLANG_WARN_ENUM_CONVERSION = YES;
				CLANG_WARN_INFINITE_RECURSION = YES;
				CLANG_WARN_INT_CONVERSION = YES;
				CLANG_WARN_NON_LITERAL_NULL_CONVERSION = YES;
				CLANG_WARN_OBJC_LITERAL_CONVERSION = YES;
				CLANG_WARN_OBJC_ROOT_CLASS = YES_ERROR;
				CLANG_WARN_RANGE_LOOP_ANALYSIS = YES;
				CLANG_WARN_STRICT_PROTOTYPES = YES;
				CLANG_WARN_SUSPICIOUS_MOVE = YES;
				CLANG_WARN_UNREACHABLE_CODE = YES;
				CLANG_WARN__DUPLICATE_METHOD_MATCH = YES;
				"CODE_SIGN_IDENTITY[sdk=iphoneos*]" = "iPhone Developer";
				COPY_PHASE_STRIP = NO;
				DEBUG_INFORMATION_FORMAT = dwarf;
				ENABLE_STRICT_OBJC_MSGSEND = YES;
				ENABLE_TESTABILITY = YES;
				GCC_C_LANGUAGE_STANDARD = gnu99;
				GCC_DYNAMIC_NO_PIC = NO;
				GCC_NO_COMMON_BLOCKS = YES;
				GCC_OPTIMIZATION_LEVEL = 0;
				GCC_PREPROCESSOR_DEFINITIONS = (
					"DEBUG=1",
					"$(inherited)",
				);
				GCC_WARN_64_TO_32_BIT_CONVERSION = YES;
				GCC_WARN_ABOUT_RETURN_TYPE = YES_ERROR;
				GCC_WARN_UNDECLARED_SELECTOR = YES;
				GCC_WARN_UNINITIALIZED_AUTOS = YES_AGGRESSIVE;
				GCC_WARN_UNUSED_FUNCTION = YES;
				GCC_WARN_UNUSED_VARIABLE = YES;
				IPHONEOS_DEPLOYMENT_TARGET = 8.0;
				MTL_ENABLE_DEBUG_INFO = YES;
				ONLY_ACTIVE_ARCH = YES;
				SDKROOT = iphoneos;
				SWIFT_ACTIVE_COMPILATION_CONDITIONS = DEBUG;
				SWIFT_OPTIMIZATION_LEVEL = "-Onone";
			};
			name = Debug;
		};
		717BE1841EC1BE11003EA321 /* Release */ = {
			isa = XCBuildConfiguration;
			buildSettings = {
				ALWAYS_SEARCH_USER_PATHS = NO;
				CLANG_ANALYZER_NONNULL = YES;
				CLANG_ANALYZER_NUMBER_OBJECT_CONVERSION = YES_AGGRESSIVE;
				CLANG_CXX_LANGUAGE_STANDARD = "gnu++0x";
				CLANG_CXX_LIBRARY = "libc++";
				CLANG_ENABLE_MODULES = YES;
				CLANG_ENABLE_OBJC_ARC = YES;
				CLANG_WARN_BLOCK_CAPTURE_AUTORELEASING = YES;
				CLANG_WARN_BOOL_CONVERSION = YES;
				CLANG_WARN_COMMA = YES;
				CLANG_WARN_CONSTANT_CONVERSION = YES;
				CLANG_WARN_DIRECT_OBJC_ISA_USAGE = YES_ERROR;
				CLANG_WARN_DOCUMENTATION_COMMENTS = YES;
				CLANG_WARN_EMPTY_BODY = YES;
				CLANG_WARN_ENUM_CONVERSION = YES;
				CLANG_WARN_INFINITE_RECURSION = YES;
				CLANG_WARN_INT_CONVERSION = YES;
				CLANG_WARN_NON_LITERAL_NULL_CONVERSION = YES;
				CLANG_WARN_OBJC_LITERAL_CONVERSION = YES;
				CLANG_WARN_OBJC_ROOT_CLASS = YES_ERROR;
				CLANG_WARN_RANGE_LOOP_ANALYSIS = YES;
				CLANG_WARN_STRICT_PROTOTYPES = YES;
				CLANG_WARN_SUSPICIOUS_MOVE = YES;
				CLANG_WARN_UNREACHABLE_CODE = YES;
				CLANG_WARN__DUPLICATE_METHOD_MATCH = YES;
				"CODE_SIGN_IDENTITY[sdk=iphoneos*]" = "iPhone Developer";
				COPY_PHASE_STRIP = NO;
				DEBUG_INFORMATION_FORMAT = "dwarf-with-dsym";
				ENABLE_NS_ASSERTIONS = NO;
				ENABLE_STRICT_OBJC_MSGSEND = YES;
				GCC_C_LANGUAGE_STANDARD = gnu99;
				GCC_NO_COMMON_BLOCKS = YES;
				GCC_WARN_64_TO_32_BIT_CONVERSION = YES;
				GCC_WARN_ABOUT_RETURN_TYPE = YES_ERROR;
				GCC_WARN_UNDECLARED_SELECTOR = YES;
				GCC_WARN_UNINITIALIZED_AUTOS = YES_AGGRESSIVE;
				GCC_WARN_UNUSED_FUNCTION = YES;
				GCC_WARN_UNUSED_VARIABLE = YES;
				IPHONEOS_DEPLOYMENT_TARGET = 8.0;
				MTL_ENABLE_DEBUG_INFO = NO;
				SDKROOT = iphoneos;
				SWIFT_OPTIMIZATION_LEVEL = "-Owholemodule";
				VALIDATE_PRODUCT = YES;
			};
			name = Release;
		};
		717BE1861EC1BE11003EA321 /* Debug */ = {
			isa = XCBuildConfiguration;
			baseConfigurationReference = 95FD53D4C199305615BA32FC /* Pods-Hippo.debug.xcconfig */;
			buildSettings = {
				ASSETCATALOG_COMPILER_APPICON_NAME = AppIcon;
				CLANG_ENABLE_MODULES = YES;
				"CODE_SIGN_IDENTITY[sdk=iphoneos*]" = "iPhone Developer";
				CODE_SIGN_STYLE = Automatic;
				DEVELOPMENT_TEAM = 9BMB7KMY7Q;
				INFOPLIST_FILE = Fugu/Info.plist;
				IPHONEOS_DEPLOYMENT_TARGET = 8.0;
				LD_RUNPATH_SEARCH_PATHS = "$(inherited) @executable_path/Frameworks";
				PRODUCT_BUNDLE_IDENTIFIER = com.socomo.Fugu;
				PRODUCT_NAME = "$(TARGET_NAME)";
				PROVISIONING_PROFILE = "";
				PROVISIONING_PROFILE_SPECIFIER = "";
				SWIFT_OBJC_BRIDGING_HEADER = "";
				SWIFT_OPTIMIZATION_LEVEL = "-Onone";
				SWIFT_VERSION = 4.0;
			};
			name = Debug;
		};
		717BE1871EC1BE11003EA321 /* Release */ = {
			isa = XCBuildConfiguration;
			baseConfigurationReference = BC2D71C51615B6579551BFF2 /* Pods-Hippo.release.xcconfig */;
			buildSettings = {
				ASSETCATALOG_COMPILER_APPICON_NAME = AppIcon;
				CLANG_ENABLE_MODULES = YES;
				"CODE_SIGN_IDENTITY[sdk=iphoneos*]" = "iPhone Developer";
				CODE_SIGN_STYLE = Automatic;
				DEVELOPMENT_TEAM = 9BMB7KMY7Q;
				INFOPLIST_FILE = Fugu/Info.plist;
				IPHONEOS_DEPLOYMENT_TARGET = 8.0;
				LD_RUNPATH_SEARCH_PATHS = "$(inherited) @executable_path/Frameworks";
				PRODUCT_BUNDLE_IDENTIFIER = com.socomo.Fugu;
				PRODUCT_NAME = "$(TARGET_NAME)";
				PROVISIONING_PROFILE = "";
				PROVISIONING_PROFILE_SPECIFIER = "";
				SWIFT_OBJC_BRIDGING_HEADER = "";
				SWIFT_VERSION = 4.0;
			};
			name = Release;
		};
/* End XCBuildConfiguration section */

/* Begin XCConfigurationList section */
		717BE16E1EC1BE11003EA321 /* Build configuration list for PBXProject "Hippo" */ = {
			isa = XCConfigurationList;
			buildConfigurations = (
				717BE1831EC1BE11003EA321 /* Debug */,
				717BE1841EC1BE11003EA321 /* Release */,
			);
			defaultConfigurationIsVisible = 0;
			defaultConfigurationName = Release;
		};
		717BE1851EC1BE11003EA321 /* Build configuration list for PBXNativeTarget "Hippo" */ = {
			isa = XCConfigurationList;
			buildConfigurations = (
				717BE1861EC1BE11003EA321 /* Debug */,
				717BE1871EC1BE11003EA321 /* Release */,
			);
			defaultConfigurationIsVisible = 0;
			defaultConfigurationName = Release;
		};
/* End XCConfigurationList section */
	};
	rootObject = 717BE16B1EC1BE11003EA321 /* Project object */;
}
